
Microsoft Visual Studio Solution File, Format Version 12.00
# Visual Studio 15
VisualStudioVersion = 15.0.27428.2037
MinimumVisualStudioVersion = 10.0.40219.1
Project("{FAE04EC0-301F-11D3-BF4B-00C04F79EFBC}") = "WeatherApp", "WeatherApp\WeatherApp.csproj", "{CDB3E698-A26B-48CD-9BC0-CC7922F780F0}"
EndProject
Global
	GlobalSection(SolutionConfigurationPlatforms) = preSolution
		Debug|Any CPU = Debug|Any CPU
		Release|Any CPU = Release|Any CPU
	EndGlobalSection
	GlobalSection(ProjectConfigurationPlatforms) = postSolution
		{CDB3E698-A26B-48CD-9BC0-CC7922F780F0}.Debug|Any CPU.ActiveCfg = Debug|Any CPU
		{CDB3E698-A26B-48CD-9BC0-CC7922F780F0}.Debug|Any CPU.Build.0 = Debug|Any CPU
		{CDB3E698-A26B-48CD-9BC0-CC7922F780F0}.Release|Any CPU.ActiveCfg = Release|Any CPU
		{CDB3E698-A26B-48CD-9BC0-CC7922F780F0}.Release|Any CPU.Build.0 = Release|Any CPU
	EndGlobalSection
	GlobalSection(SolutionProperties) = preSolution
		HideSolutionNode = FALSE
	EndGlobalSection
	GlobalSection(ExtensibilityGlobals) = postSolution
		SolutionGuid = {8EE57B94-2F00-4029-BA0E-242FC62A41D0}
	EndGlobalSection
EndGlobal
